
Microsoft Visual Studio Solution File, Format Version 12.00
# Visual Studio Version 16
VisualStudioVersion = 16.0.31025.194
MinimumVisualStudioVersion = 10.0.40219.1
Project("{9A19103F-16F7-4668-BE54-9A1E7A4F7556}") = "api", "api\api.csproj", "{AF79D39D-488B-4ED9-A5B8-B9B4F6AF7D96}"
EndProject
Project("{FAE04EC0-301F-11D3-BF4B-00C04F79EFBC}") = "domain", "domain\domain.csproj", "{515FC7E6-4F11-4731-B4C7-B0EA17A7311C}"
EndProject
Project("{FAE04EC0-301F-11D3-BF4B-00C04F79EFBC}") = "business", "business\business.csproj", "{67139C6D-0C7F-4D89-A287-94A84561CBDC}"
EndProject
Project("{FAE04EC0-301F-11D3-BF4B-00C04F79EFBC}") = "tests", "tests\tests.csproj", "{A1D0AA6A-AEEE-4123-BDFF-6956114A8C13}"
EndProject
Global
	GlobalSection(SolutionConfigurationPlatforms) = preSolution
		Debug|Any CPU = Debug|Any CPU
		Release|Any CPU = Release|Any CPU
	EndGlobalSection
	GlobalSection(ProjectConfigurationPlatforms) = postSolution
		{AF79D39D-488B-4ED9-A5B8-B9B4F6AF7D96}.Debug|Any CPU.ActiveCfg = Debug|Any CPU
		{AF79D39D-488B-4ED9-A5B8-B9B4F6AF7D96}.Debug|Any CPU.Build.0 = Debug|Any CPU
		{AF79D39D-488B-4ED9-A5B8-B9B4F6AF7D96}.Release|Any CPU.ActiveCfg = Release|Any CPU
		{AF79D39D-488B-4ED9-A5B8-B9B4F6AF7D96}.Release|Any CPU.Build.0 = Release|Any CPU
		{515FC7E6-4F11-4731-B4C7-B0EA17A7311C}.Debug|Any CPU.ActiveCfg = Debug|Any CPU
		{515FC7E6-4F11-4731-B4C7-B0EA17A7311C}.Debug|Any CPU.Build.0 = Debug|Any CPU
		{515FC7E6-4F11-4731-B4C7-B0EA17A7311C}.Release|Any CPU.ActiveCfg = Release|Any CPU
		{515FC7E6-4F11-4731-B4C7-B0EA17A7311C}.Release|Any CPU.Build.0 = Release|Any CPU
		{67139C6D-0C7F-4D89-A287-94A84561CBDC}.Debug|Any CPU.ActiveCfg = Debug|Any CPU
		{67139C6D-0C7F-4D89-A287-94A84561CBDC}.Debug|Any CPU.Build.0 = Debug|Any CPU
		{67139C6D-0C7F-4D89-A287-94A84561CBDC}.Release|Any CPU.ActiveCfg = Release|Any CPU
		{67139C6D-0C7F-4D89-A287-94A84561CBDC}.Release|Any CPU.Build.0 = Release|Any CPU
		{A1D0AA6A-AEEE-4123-BDFF-6956114A8C13}.Debug|Any CPU.ActiveCfg = Debug|Any CPU
		{A1D0AA6A-AEEE-4123-BDFF-6956114A8C13}.Debug|Any CPU.Build.0 = Debug|Any CPU
		{A1D0AA6A-AEEE-4123-BDFF-6956114A8C13}.Release|Any CPU.ActiveCfg = Release|Any CPU
		{A1D0AA6A-AEEE-4123-BDFF-6956114A8C13}.Release|Any CPU.Build.0 = Release|Any CPU
	EndGlobalSection
	GlobalSection(SolutionProperties) = preSolution
		HideSolutionNode = FALSE
	EndGlobalSection
	GlobalSection(ExtensibilityGlobals) = postSolution
		SolutionGuid = {0916DB64-712E-42DB-BDB2-0A75BACF07F9}
	EndGlobalSection
EndGlobal
